// !$*UTF8*$!
{
	archiveVersion = 1;
	classes = {
	};
	objectVersion = 46;
	objects = {

/* Begin PBXBuildFile section */
		1470664018F1F4E40072912D /* image.png in Resources */ = {isa = PBXBuildFile; fileRef = 1470663F18F1F4E40072912D /* image.png */; };
		14C20E5618EEC5BA0021718B /* Foundation.framework in Frameworks */ = {isa = PBXBuildFile; fileRef = 14C20E5518EEC5BA0021718B /* Foundation.framework */; };
		14C20E5818EEC5BA0021718B /* CoreGraphics.framework in Frameworks */ = {isa = PBXBuildFile; fileRef = 14C20E5718EEC5BA0021718B /* CoreGraphics.framework */; };
		14C20E5A18EEC5BA0021718B /* UIKit.framework in Frameworks */ = {isa = PBXBuildFile; fileRef = 14C20E5918EEC5BA0021718B /* UIKit.framework */; };
		14C20E6018EEC5BA0021718B /* InfoPlist.strings in Resources */ = {isa = PBXBuildFile; fileRef = 14C20E5E18EEC5BA0021718B /* InfoPlist.strings */; };
		14C20E6218EEC5BA0021718B /* main.m in Sources */ = {isa = PBXBuildFile; fileRef = 14C20E6118EEC5BA0021718B /* main.m */; };
		14C20E6618EEC5BA0021718B /* AppDelegate.m in Sources */ = {isa = PBXBuildFile; fileRef = 14C20E6518EEC5BA0021718B /* AppDelegate.m */; };
		14C20E6C18EEC5BA0021718B /* ViewController.m in Sources */ = {isa = PBXBuildFile; fileRef = 14C20E6B18EEC5BA0021718B /* ViewController.m */; };
		14C20E6E18EEC5BA0021718B /* Images.xcassets in Resources */ = {isa = PBXBuildFile; fileRef = 14C20E6D18EEC5BA0021718B /* Images.xcassets */; };
		14C20E8B18EEC7000021718B /* ViewController.xib in Resources */ = {isa = PBXBuildFile; fileRef = 14C20E8A18EEC7000021718B /* ViewController.xib */; };
		14C20E8D18EECF390021718B /* Background.png in Resources */ = {isa = PBXBuildFile; fileRef = 14C20E8C18EECF390021718B /* Background.png */; };
		14C5083618F2A36D006C9310 /* SPSegmentControl.m in Sources */ = {isa = PBXBuildFile; fileRef = 14C5083518F2A36D006C9310 /* SPSegmentControl.m */; };
		14C5083818F2D7DA006C9310 /* fontellofull.ttf in Resources */ = {isa = PBXBuildFile; fileRef = 14C5083718F2D7DA006C9310 /* fontellofull.ttf */; };
		14C5083B18F2DC44006C9310 /* female_hair_icon_light.png in Resources */ = {isa = PBXBuildFile; fileRef = 14C5083918F2DC44006C9310 /* female_hair_icon_light.png */; };
		14C5083C18F2DC44006C9310 /* male_hair_icon_light.png in Resources */ = {isa = PBXBuildFile; fileRef = 14C5083A18F2DC44006C9310 /* male_hair_icon_light.png */; };
/* End PBXBuildFile section */

/* Begin PBXFileReference section */
		1470663F18F1F4E40072912D /* image.png */ = {isa = PBXFileReference; lastKnownFileType = image.png; path = image.png; sourceTree = "<group>"; };
		14C20E5218EEC5BA0021718B /* ShortProfile.app */ = {isa = PBXFileReference; explicitFileType = wrapper.application; includeInIndex = 0; path = ShortProfile.app; sourceTree = BUILT_PRODUCTS_DIR; };
		14C20E5518EEC5BA0021718B /* Foundation.framework */ = {isa = PBXFileReference; lastKnownFileType = wrapper.framework; name = Foundation.framework; path = System/Library/Frameworks/Foundation.framework; sourceTree = SDKROOT; };
		14C20E5718EEC5BA0021718B /* CoreGraphics.framework */ = {isa = PBXFileReference; lastKnownFileType = wrapper.framework; name = CoreGraphics.framework; path = System/Library/Frameworks/CoreGraphics.framework; sourceTree = SDKROOT; };
		14C20E5918EEC5BA0021718B /* UIKit.framework */ = {isa = PBXFileReference; lastKnownFileType = wrapper.framework; name = UIKit.framework; path = System/Library/Frameworks/UIKit.framework; sourceTree = SDKROOT; };
		14C20E5D18EEC5BA0021718B /* ShortProfile-Info.plist */ = {isa = PBXFileReference; lastKnownFileType = text.plist.xml; path = "ShortProfile-Info.plist"; sourceTree = "<group>"; };
		14C20E5F18EEC5BA0021718B /* en */ = {isa = PBXFileReference; lastKnownFileType = text.plist.strings; name = en; path = en.lproj/InfoPlist.strings; sourceTree = "<group>"; };
		14C20E6118EEC5BA0021718B /* main.m */ = {isa = PBXFileReference; lastKnownFileType = sourcecode.c.objc; path = main.m; sourceTree = "<group>"; };
		14C20E6318EEC5BA0021718B /* ShortProfile-Prefix.pch */ = {isa = PBXFileReference; lastKnownFileType = sourcecode.c.h; path = "ShortProfile-Prefix.pch"; sourceTree = "<group>"; };
		14C20E6418EEC5BA0021718B /* AppDelegate.h */ = {isa = PBXFileReference; lastKnownFileType = sourcecode.c.h; path = AppDelegate.h; sourceTree = "<group>"; };
		14C20E6518EEC5BA0021718B /* AppDelegate.m */ = {isa = PBXFileReference; lastKnownFileType = sourcecode.c.objc; path = AppDelegate.m; sourceTree = "<group>"; };
		14C20E6A18EEC5BA0021718B /* ViewController.h */ = {isa = PBXFileReference; lastKnownFileType = sourcecode.c.h; path = ViewController.h; sourceTree = "<group>"; };
		14C20E6B18EEC5BA0021718B /* ViewController.m */ = {isa = PBXFileReference; lastKnownFileType = sourcecode.c.objc; path = ViewController.m; sourceTree = "<group>"; };
		14C20E6D18EEC5BA0021718B /* Images.xcassets */ = {isa = PBXFileReference; lastKnownFileType = folder.assetcatalog; path = Images.xcassets; sourceTree = "<group>"; };
		14C20E7418EEC5BA0021718B /* XCTest.framework */ = {isa = PBXFileReference; lastKnownFileType = wrapper.framework; name = XCTest.framework; path = Library/Frameworks/XCTest.framework; sourceTree = DEVELOPER_DIR; };
		14C20E8A18EEC7000021718B /* ViewController.xib */ = {isa = PBXFileReference; fileEncoding = 4; lastKnownFileType = file.xib; path = ViewController.xib; sourceTree = "<group>"; };
		14C20E8C18EECF390021718B /* Background.png */ = {isa = PBXFileReference; lastKnownFileType = image.png; path = Background.png; sourceTree = "<group>"; };
		14C5083418F2A36D006C9310 /* SPSegmentControl.h */ = {isa = PBXFileReference; fileEncoding = 4; lastKnownFileType = sourcecode.c.h; path = SPSegmentControl.h; sourceTree = "<group>"; };
		14C5083518F2A36D006C9310 /* SPSegmentControl.m */ = {isa = PBXFileReference; fileEncoding = 4; lastKnownFileType = sourcecode.c.objc; path = SPSegmentControl.m; sourceTree = "<group>"; };
		14C5083718F2D7DA006C9310 /* fontellofull.ttf */ = {isa = PBXFileReference; lastKnownFileType = file; path = fontellofull.ttf; sourceTree = "<group>"; };
		14C5083918F2DC44006C9310 /* female_hair_icon_light.png */ = {isa = PBXFileReference; lastKnownFileType = image.png; path = female_hair_icon_light.png; sourceTree = "<group>"; };
		14C5083A18F2DC44006C9310 /* male_hair_icon_light.png */ = {isa = PBXFileReference; lastKnownFileType = image.png; path = male_hair_icon_light.png; sourceTree = "<group>"; };
/* End PBXFileReference section */

/* Begin PBXFrameworksBuildPhase section */
		14C20E4F18EEC5BA0021718B /* Frameworks */ = {
			isa = PBXFrameworksBuildPhase;
			buildActionMask = 2147483647;
			files = (
				14C20E5818EEC5BA0021718B /* CoreGraphics.framework in Frameworks */,
				14C20E5A18EEC5BA0021718B /* UIKit.framework in Frameworks */,
				14C20E5618EEC5BA0021718B /* Foundation.framework in Frameworks */,
			);
			runOnlyForDeploymentPostprocessing = 0;
		};
/* End PBXFrameworksBuildPhase section */

/* Begin PBXGroup section */
		14C20E4918EEC5B90021718B = {
			isa = PBXGroup;
			children = (
				14C20E5B18EEC5BA0021718B /* ShortProfile */,
				14C20E5418EEC5BA0021718B /* Frameworks */,
				14C20E5318EEC5BA0021718B /* Products */,
			);
			sourceTree = "<group>";
		};
		14C20E5318EEC5BA0021718B /* Products */ = {
			isa = PBXGroup;
			children = (
				14C20E5218EEC5BA0021718B /* ShortProfile.app */,
			);
			name = Products;
			sourceTree = "<group>";
		};
		14C20E5418EEC5BA0021718B /* Frameworks */ = {
			isa = PBXGroup;
			children = (
				14C20E5518EEC5BA0021718B /* Foundation.framework */,
				14C20E5718EEC5BA0021718B /* CoreGraphics.framework */,
				14C20E5918EEC5BA0021718B /* UIKit.framework */,
				14C20E7418EEC5BA0021718B /* XCTest.framework */,
			);
			name = Frameworks;
			sourceTree = "<group>";
		};
		14C20E5B18EEC5BA0021718B /* ShortProfile */ = {
			isa = PBXGroup;
			children = (
				14C5083918F2DC44006C9310 /* female_hair_icon_light.png */,
				14C5083A18F2DC44006C9310 /* male_hair_icon_light.png */,
				14C5083718F2D7DA006C9310 /* fontellofull.ttf */,
				1470663F18F1F4E40072912D /* image.png */,
				14C20E8C18EECF390021718B /* Background.png */,
				14C20E6418EEC5BA0021718B /* AppDelegate.h */,
				14C20E6518EEC5BA0021718B /* AppDelegate.m */,
				14C20E6A18EEC5BA0021718B /* ViewController.h */,
				14C20E6B18EEC5BA0021718B /* ViewController.m */,
				14C20E8A18EEC7000021718B /* ViewController.xib */,
				14C5083418F2A36D006C9310 /* SPSegmentControl.h */,
				14C5083518F2A36D006C9310 /* SPSegmentControl.m */,
				14C20E6D18EEC5BA0021718B /* Images.xcassets */,
				14C20E5C18EEC5BA0021718B /* Supporting Files */,
			);
			path = ShortProfile;
			sourceTree = "<group>";
		};
		14C20E5C18EEC5BA0021718B /* Supporting Files */ = {
			isa = PBXGroup;
			children = (
				14C20E5D18EEC5BA0021718B /* ShortProfile-Info.plist */,
				14C20E5E18EEC5BA0021718B /* InfoPlist.strings */,
				14C20E6118EEC5BA0021718B /* main.m */,
				14C20E6318EEC5BA0021718B /* ShortProfile-Prefix.pch */,
			);
			name = "Supporting Files";
			sourceTree = "<group>";
		};
/* End PBXGroup section */

/* Begin PBXNativeTarget section */
		14C20E5118EEC5BA0021718B /* ShortProfile */ = {
			isa = PBXNativeTarget;
			buildConfigurationList = 14C20E8418EEC5BA0021718B /* Build configuration list for PBXNativeTarget "ShortProfile" */;
			buildPhases = (
				14C20E4E18EEC5BA0021718B /* Sources */,
				14C20E4F18EEC5BA0021718B /* Frameworks */,
				14C20E5018EEC5BA0021718B /* Resources */,
			);
			buildRules = (
			);
			dependencies = (
			);
			name = ShortProfile;
			productName = ShortProfile;
			productReference = 14C20E5218EEC5BA0021718B /* ShortProfile.app */;
			productType = "com.apple.product-type.application";
		};
/* End PBXNativeTarget section */

/* Begin PBXProject section */
		14C20E4A18EEC5B90021718B /* Project object */ = {
			isa = PBXProject;
			attributes = {
				LastUpgradeCheck = 0510;
				ORGANIZATIONNAME = "Vidya Murthy";
			};
			buildConfigurationList = 14C20E4D18EEC5BA0021718B /* Build configuration list for PBXProject "ShortProfile" */;
			compatibilityVersion = "Xcode 3.2";
			developmentRegion = English;
			hasScannedForEncodings = 0;
			knownRegions = (
				en,
				Base,
			);
			mainGroup = 14C20E4918EEC5B90021718B;
			productRefGroup = 14C20E5318EEC5BA0021718B /* Products */;
			projectDirPath = "";
			projectRoot = "";
			targets = (
				14C20E5118EEC5BA0021718B /* ShortProfile */,
			);
		};
/* End PBXProject section */

/* Begin PBXResourcesBuildPhase section */
		14C20E5018EEC5BA0021718B /* Resources */ = {
			isa = PBXResourcesBuildPhase;
			buildActionMask = 2147483647;
			files = (
				14C5083818F2D7DA006C9310 /* fontellofull.ttf in Resources */,
				14C20E6E18EEC5BA0021718B /* Images.xcassets in Resources */,
				14C20E8D18EECF390021718B /* Background.png in Resources */,
				14C5083B18F2DC44006C9310 /* female_hair_icon_light.png in Resources */,
				14C5083C18F2DC44006C9310 /* male_hair_icon_light.png in Resources */,
				14C20E8B18EEC7000021718B /* ViewController.xib in Resources */,
				14C20E6018EEC5BA0021718B /* InfoPlist.strings in Resources */,
				1470664018F1F4E40072912D /* image.png in Resources */,
			);
			runOnlyForDeploymentPostprocessing = 0;
		};
/* End PBXResourcesBuildPhase section */

/* Begin PBXSourcesBuildPhase section */
		14C20E4E18EEC5BA0021718B /* Sources */ = {
			isa = PBXSourcesBuildPhase;
			buildActionMask = 2147483647;
			files = (
				14C5083618F2A36D006C9310 /* SPSegmentControl.m in Sources */,
				14C20E6C18EEC5BA0021718B /* ViewController.m in Sources */,
				14C20E6618EEC5BA0021718B /* AppDelegate.m in Sources */,
				14C20E6218EEC5BA0021718B /* main.m in Sources */,
			);
			runOnlyForDeploymentPostprocessing = 0;
		};
/* End PBXSourcesBuildPhase section */

/* Begin PBXVariantGroup section */
		14C20E5E18EEC5BA0021718B /* InfoPlist.strings */ = {
			isa = PBXVariantGroup;
			children = (
				14C20E5F18EEC5BA0021718B /* en */,
			);
			name = InfoPlist.strings;
			sourceTree = "<group>";
		};
/* End PBXVariantGroup section */

/* Begin XCBuildConfiguration section */
		14C20E8218EEC5BA0021718B /* Debug */ = {
			isa = XCBuildConfiguration;
			buildSettings = {
				ALWAYS_SEARCH_USER_PATHS = NO;
				CLANG_CXX_LANGUAGE_STANDARD = "gnu++0x";
				CLANG_CXX_LIBRARY = "libc++";
				CLANG_ENABLE_MODULES = YES;
				CLANG_ENABLE_OBJC_ARC = YES;
				CLANG_WARN_BOOL_CONVERSION = YES;
				CLANG_WARN_CONSTANT_CONVERSION = YES;
				CLANG_WARN_DIRECT_OBJC_ISA_USAGE = YES_ERROR;
				CLANG_WARN_EMPTY_BODY = YES;
				CLANG_WARN_ENUM_CONVERSION = YES;
				CLANG_WARN_INT_CONVERSION = YES;
				CLANG_WARN_OBJC_ROOT_CLASS = YES_ERROR;
				CLANG_WARN__DUPLICATE_METHOD_MATCH = YES;
				"CODE_SIGN_IDENTITY[sdk=iphoneos*]" = "iPhone Developer";
				COPY_PHASE_STRIP = NO;
				GCC_C_LANGUAGE_STANDARD = gnu99;
				GCC_DYNAMIC_NO_PIC = NO;
				GCC_OPTIMIZATION_LEVEL = 0;
				GCC_PREPROCESSOR_DEFINITIONS = (
					"DEBUG=1",
					"$(inherited)",
				);
				GCC_SYMBOLS_PRIVATE_EXTERN = NO;
				GCC_WARN_64_TO_32_BIT_CONVERSION = YES;
				GCC_WARN_ABOUT_RETURN_TYPE = YES_ERROR;
				GCC_WARN_UNDECLARED_SELECTOR = YES;
				GCC_WARN_UNINITIALIZED_AUTOS = YES_AGGRESSIVE;
				GCC_WARN_UNUSED_FUNCTION = YES;
				GCC_WARN_UNUSED_VARIABLE = YES;
				IPHONEOS_DEPLOYMENT_TARGET = 7.1;
				ONLY_ACTIVE_ARCH = YES;
				SDKROOT = iphoneos;
			};
			name = Debug;
		};
		14C20E8318EEC5BA0021718B /* Release */ = {
			isa = XCBuildConfiguration;
			buildSettings = {
				ALWAYS_SEARCH_USER_PATHS = NO;
				CLANG_CXX_LANGUAGE_STANDARD = "gnu++0x";
				CLANG_CXX_LIBRARY = "libc++";
				CLANG_ENABLE_MODULES = YES;
				CLANG_ENABLE_OBJC_ARC = YES;
				CLANG_WARN_BOOL_CONVERSION = YES;
				CLANG_WARN_CONSTANT_CONVERSION = YES;
				CLANG_WARN_DIRECT_OBJC_ISA_USAGE = YES_ERROR;
				CLANG_WARN_EMPTY_BODY = YES;
				CLANG_WARN_ENUM_CONVERSION = YES;
				CLANG_WARN_INT_CONVERSION = YES;
				CLANG_WARN_OBJC_ROOT_CLASS = YES_ERROR;
				CLANG_WARN__DUPLICATE_METHOD_MATCH = YES;
				"CODE_SIGN_IDENTITY[sdk=iphoneos*]" = "iPhone Developer";
				COPY_PHASE_STRIP = YES;
				ENABLE_NS_ASSERTIONS = NO;
				GCC_C_LANGUAGE_STANDARD = gnu99;
				GCC_WARN_64_TO_32_BIT_CONVERSION = YES;
				GCC_WARN_ABOUT_RETURN_TYPE = YES_ERROR;
				GCC_WARN_UNDECLARED_SELECTOR = YES;
				GCC_WARN_UNINITIALIZED_AUTOS = YES_AGGRESSIVE;
				GCC_WARN_UNUSED_FUNCTION = YES;
				GCC_WARN_UNUSED_VARIABLE = YES;
				IPHONEOS_DEPLOYMENT_TARGET = 7.1;
				SDKROOT = iphoneos;
				VALIDATE_PRODUCT = YES;
			};
			name = Release;
		};
		14C20E8518EEC5BA0021718B /* Debug */ = {
			isa = XCBuildConfiguration;
			buildSettings = {
				ASSETCATALOG_COMPILER_APPICON_NAME = AppIcon;
				ASSETCATALOG_COMPILER_LAUNCHIMAGE_NAME = LaunchImage;
				GCC_PRECOMPILE_PREFIX_HEADER = YES;
				GCC_PREFIX_HEADER = "ShortProfile/ShortProfile-Prefix.pch";
				INFOPLIST_FILE = "ShortProfile/ShortProfile-Info.plist";
				IPHONEOS_DEPLOYMENT_TARGET = 7.1;
				PRODUCT_NAME = "$(TARGET_NAME)";
				TARGETED_DEVICE_FAMILY = "1,2";
				WRAPPER_EXTENSION = app;
			};
			name = Debug;
		};
		14C20E8618EEC5BA0021718B /* Release */ = {
			isa = XCBuildConfiguration;
			buildSettings = {
				ASSETCATALOG_COMPILER_APPICON_NAME = AppIcon;
				ASSETCATALOG_COMPILER_LAUNCHIMAGE_NAME = LaunchImage;
				GCC_PRECOMPILE_PREFIX_HEADER = YES;
				GCC_PREFIX_HEADER = "ShortProfile/ShortProfile-Prefix.pch";
				INFOPLIST_FILE = "ShortProfile/ShortProfile-Info.plist";
				IPHONEOS_DEPLOYMENT_TARGET = 7.1;
				PRODUCT_NAME = "$(TARGET_NAME)";
				TARGETED_DEVICE_FAMILY = "1,2";
				WRAPPER_EXTENSION = app;
			};
			name = Release;
		};
/* End XCBuildConfiguration section */

/* Begin XCConfigurationList section */
		14C20E4D18EEC5BA0021718B /* Build configuration list for PBXProject "ShortProfile" */ = {
			isa = XCConfigurationList;
			buildConfigurations = (
				14C20E8218EEC5BA0021718B /* Debug */,
				14C20E8318EEC5BA0021718B /* Release */,
			);
			defaultConfigurationIsVisible = 0;
			defaultConfigurationName = Release;
		};
		14C20E8418EEC5BA0021718B /* Build configuration list for PBXNativeTarget "ShortProfile" */ = {
			isa = XCConfigurationList;
			buildConfigurations = (
				14C20E8518EEC5BA0021718B /* Debug */,
				14C20E8618EEC5BA0021718B /* Release */,
			);
			defaultConfigurationIsVisible = 0;
			defaultConfigurationName = Release;
		};
/* End XCConfigurationList section */
	};
	rootObject = 14C20E4A18EEC5B90021718B /* Project object */;
}
